
Microsoft Visual Studio Solution File, Format Version 12.00
# Visual Studio 15
VisualStudioVersion = 15.0.28010.2036
MinimumVisualStudioVersion = 10.0.40219.1
Project("{9092AA53-FB77-4645-B42D-1CCCA6BD08BD}") = "PhaserGameOne", "PhaserGameOne\PhaserGameOne.njsproj", "{B3508684-4005-41D5-8632-EC46317A5F83}"
EndProject
Global
	GlobalSection(SolutionConfigurationPlatforms) = preSolution
		Debug|Any CPU = Debug|Any CPU
		Release|Any CPU = Release|Any CPU
	EndGlobalSection
	GlobalSection(ProjectConfigurationPlatforms) = postSolution
		{B3508684-4005-41D5-8632-EC46317A5F83}.Debug|Any CPU.ActiveCfg = Debug|Any CPU
		{B3508684-4005-41D5-8632-EC46317A5F83}.Debug|Any CPU.Build.0 = Debug|Any CPU
		{B3508684-4005-41D5-8632-EC46317A5F83}.Release|Any CPU.ActiveCfg = Release|Any CPU
		{B3508684-4005-41D5-8632-EC46317A5F83}.Release|Any CPU.Build.0 = Release|Any CPU
	EndGlobalSection
	GlobalSection(SolutionProperties) = preSolution
		HideSolutionNode = FALSE
	EndGlobalSection
	GlobalSection(ExtensibilityGlobals) = postSolution
		SolutionGuid = {AB1595CE-F3A3-454C-8F89-6E03C0D3C717}
	EndGlobalSection
EndGlobal
