
Microsoft Visual Studio Solution File, Format Version 12.00
# Visual Studio 15
VisualStudioVersion = 15.0.28010.2036
MinimumVisualStudioVersion = 10.0.40219.1
Project("{9092AA53-FB77-4645-B42D-1CCCA6BD08BD}") = "NodejsWebApp2", "NodejsWebApp2\NodejsWebApp2.njsproj", "{4534AB29-287B-452B-9127-1E41F9D6AF4A}"
EndProject
Global
	GlobalSection(SolutionConfigurationPlatforms) = preSolution
		Debug|Any CPU = Debug|Any CPU
		Release|Any CPU = Release|Any CPU
	EndGlobalSection
	GlobalSection(ProjectConfigurationPlatforms) = postSolution
		{4534AB29-287B-452B-9127-1E41F9D6AF4A}.Debug|Any CPU.ActiveCfg = Debug|Any CPU
		{4534AB29-287B-452B-9127-1E41F9D6AF4A}.Debug|Any CPU.Build.0 = Debug|Any CPU
		{4534AB29-287B-452B-9127-1E41F9D6AF4A}.Release|Any CPU.ActiveCfg = Release|Any CPU
		{4534AB29-287B-452B-9127-1E41F9D6AF4A}.Release|Any CPU.Build.0 = Release|Any CPU
	EndGlobalSection
	GlobalSection(SolutionProperties) = preSolution
		HideSolutionNode = FALSE
	EndGlobalSection
	GlobalSection(ExtensibilityGlobals) = postSolution
		SolutionGuid = {A6E31AAE-9DF1-4AEB-9BD7-380C6CFB3193}
	EndGlobalSection
EndGlobal
